// !$*UTF8*$!
{
	archiveVersion = 1;
	classes = {
	};
	objectVersion = 52;
	objects = {

/* Begin PBXBuildFile section */
		C7B50FC4CE39AA4C0C7283AE /* libPods-ChatApp.a in Frameworks */ = {isa = PBXBuildFile; fileRef = E2C5F897F8B94DA596909F75 /* libPods-ChatApp.a */; };
		EE5EC6D324AD3F3F00E4881F /* Constants.swift in Sources */ = {isa = PBXBuildFile; fileRef = EE5EC6D224AD3F3F00E4881F /* Constants.swift */; };
		EE5EC6D524AD462B00E4881F /* Message.swift in Sources */ = {isa = PBXBuildFile; fileRef = EE5EC6D424AD462B00E4881F /* Message.swift */; };
		EE5EC6D824AD4D3400E4881F /* MessageTableViewCell.swift in Sources */ = {isa = PBXBuildFile; fileRef = EE5EC6D624AD4D3400E4881F /* MessageTableViewCell.swift */; };
		EE5EC6D924AD4D3400E4881F /* MessageTableViewCell.xib in Resources */ = {isa = PBXBuildFile; fileRef = EE5EC6D724AD4D3400E4881F /* MessageTableViewCell.xib */; };
		EE5EC6DC24AD986B00E4881F /* IQKeyboardManagerSwift in Frameworks */ = {isa = PBXBuildFile; productRef = EE5EC6DB24AD986B00E4881F /* IQKeyboardManagerSwift */; };
		EE5EC6DE24AE5FDF00E4881F /* GoogleService-Info.plist in Resources */ = {isa = PBXBuildFile; fileRef = EE5EC6DD24AE5FDF00E4881F /* GoogleService-Info.plist */; };
		EEE0FC8E24AC5CDE00D0C3F7 /* AppDelegate.swift in Sources */ = {isa = PBXBuildFile; fileRef = EEE0FC8D24AC5CDE00D0C3F7 /* AppDelegate.swift */; };
		EEE0FC9024AC5CDE00D0C3F7 /* SceneDelegate.swift in Sources */ = {isa = PBXBuildFile; fileRef = EEE0FC8F24AC5CDE00D0C3F7 /* SceneDelegate.swift */; };
		EEE0FC9224AC5CDE00D0C3F7 /* WelcomeViewController.swift in Sources */ = {isa = PBXBuildFile; fileRef = EEE0FC9124AC5CDE00D0C3F7 /* WelcomeViewController.swift */; };
		EEE0FC9524AC5CDE00D0C3F7 /* Main.storyboard in Resources */ = {isa = PBXBuildFile; fileRef = EEE0FC9324AC5CDE00D0C3F7 /* Main.storyboard */; };
		EEE0FC9724AC5CEA00D0C3F7 /* Assets.xcassets in Resources */ = {isa = PBXBuildFile; fileRef = EEE0FC9624AC5CEA00D0C3F7 /* Assets.xcassets */; };
		EEE0FC9A24AC5CEA00D0C3F7 /* LaunchScreen.storyboard in Resources */ = {isa = PBXBuildFile; fileRef = EEE0FC9824AC5CEA00D0C3F7 /* LaunchScreen.storyboard */; };
		EEE0FCA524AC5D9600D0C3F7 /* RegisterViewController.swift in Sources */ = {isa = PBXBuildFile; fileRef = EEE0FCA424AC5D9600D0C3F7 /* RegisterViewController.swift */; };
		EEE0FCA724AC5DB100D0C3F7 /* LoginViewController.swift in Sources */ = {isa = PBXBuildFile; fileRef = EEE0FCA624AC5DB100D0C3F7 /* LoginViewController.swift */; };
		EEE0FCA924AC5DC000D0C3F7 /* ChatViewController.swift in Sources */ = {isa = PBXBuildFile; fileRef = EEE0FCA824AC5DC000D0C3F7 /* ChatViewController.swift */; };
		EEE0FCAB24AC664400D0C3F7 /* GoogleService-Info.plist in Resources */ = {isa = PBXBuildFile; fileRef = EEE0FCAA24AC664300D0C3F7 /* GoogleService-Info.plist */; };
/* End PBXBuildFile section */

/* Begin PBXFileReference section */
		81711DF339A2B4F3CFAFD6A1 /* Pods-ChatApp.release.xcconfig */ = {isa = PBXFileReference; includeInIndex = 1; lastKnownFileType = text.xcconfig; name = "Pods-ChatApp.release.xcconfig"; path = "Target Support Files/Pods-ChatApp/Pods-ChatApp.release.xcconfig"; sourceTree = "<group>"; };
		AA67B5A22F450B81F6717CB2 /* Pods-ChatApp.debug.xcconfig */ = {isa = PBXFileReference; includeInIndex = 1; lastKnownFileType = text.xcconfig; name = "Pods-ChatApp.debug.xcconfig"; path = "Target Support Files/Pods-ChatApp/Pods-ChatApp.debug.xcconfig"; sourceTree = "<group>"; };
		E2C5F897F8B94DA596909F75 /* libPods-ChatApp.a */ = {isa = PBXFileReference; explicitFileType = archive.ar; includeInIndex = 0; path = "libPods-ChatApp.a"; sourceTree = BUILT_PRODUCTS_DIR; };
		EE5EC6D224AD3F3F00E4881F /* Constants.swift */ = {isa = PBXFileReference; lastKnownFileType = sourcecode.swift; path = Constants.swift; sourceTree = "<group>"; };
		EE5EC6D424AD462B00E4881F /* Message.swift */ = {isa = PBXFileReference; lastKnownFileType = sourcecode.swift; path = Message.swift; sourceTree = "<group>"; };
		EE5EC6D624AD4D3400E4881F /* MessageTableViewCell.swift */ = {isa = PBXFileReference; lastKnownFileType = sourcecode.swift; path = MessageTableViewCell.swift; sourceTree = "<group>"; };
		EE5EC6D724AD4D3400E4881F /* MessageTableViewCell.xib */ = {isa = PBXFileReference; lastKnownFileType = file.xib; path = MessageTableViewCell.xib; sourceTree = "<group>"; };
		EE5EC6DD24AE5FDF00E4881F /* GoogleService-Info.plist */ = {isa = PBXFileReference; lastKnownFileType = text.plist; path = "GoogleService-Info.plist"; sourceTree = SOURCE_ROOT; };
		EEE0FC8A24AC5CDE00D0C3F7 /* ChatApp.app */ = {isa = PBXFileReference; explicitFileType = wrapper.application; includeInIndex = 0; path = ChatApp.app; sourceTree = BUILT_PRODUCTS_DIR; };
		EEE0FC8D24AC5CDE00D0C3F7 /* AppDelegate.swift */ = {isa = PBXFileReference; lastKnownFileType = sourcecode.swift; path = AppDelegate.swift; sourceTree = "<group>"; };
		EEE0FC8F24AC5CDE00D0C3F7 /* SceneDelegate.swift */ = {isa = PBXFileReference; lastKnownFileType = sourcecode.swift; path = SceneDelegate.swift; sourceTree = "<group>"; };
		EEE0FC9124AC5CDE00D0C3F7 /* WelcomeViewController.swift */ = {isa = PBXFileReference; lastKnownFileType = sourcecode.swift; path = WelcomeViewController.swift; sourceTree = "<group>"; };
		EEE0FC9424AC5CDE00D0C3F7 /* Base */ = {isa = PBXFileReference; lastKnownFileType = file.storyboard; name = Base; path = Base.lproj/Main.storyboard; sourceTree = "<group>"; };
		EEE0FC9624AC5CEA00D0C3F7 /* Assets.xcassets */ = {isa = PBXFileReference; lastKnownFileType = folder.assetcatalog; path = Assets.xcassets; sourceTree = "<group>"; };
		EEE0FC9924AC5CEA00D0C3F7 /* Base */ = {isa = PBXFileReference; lastKnownFileType = file.storyboard; name = Base; path = Base.lproj/LaunchScreen.storyboard; sourceTree = "<group>"; };
		EEE0FC9B24AC5CEA00D0C3F7 /* Info.plist */ = {isa = PBXFileReference; lastKnownFileType = text.plist.xml; path = Info.plist; sourceTree = "<group>"; };
		EEE0FCA424AC5D9600D0C3F7 /* RegisterViewController.swift */ = {isa = PBXFileReference; lastKnownFileType = sourcecode.swift; path = RegisterViewController.swift; sourceTree = "<group>"; };
		EEE0FCA624AC5DB100D0C3F7 /* LoginViewController.swift */ = {isa = PBXFileReference; lastKnownFileType = sourcecode.swift; path = LoginViewController.swift; sourceTree = "<group>"; };
		EEE0FCA824AC5DC000D0C3F7 /* ChatViewController.swift */ = {isa = PBXFileReference; lastKnownFileType = sourcecode.swift; path = ChatViewController.swift; sourceTree = "<group>"; };
		EEE0FCAA24AC664300D0C3F7 /* GoogleService-Info.plist */ = {isa = PBXFileReference; fileEncoding = 4; lastKnownFileType = text.plist.xml; path = "GoogleService-Info.plist"; sourceTree = "<group>"; };
/* End PBXFileReference section */

/* Begin PBXFrameworksBuildPhase section */
		EEE0FC8724AC5CDE00D0C3F7 /* Frameworks */ = {
			isa = PBXFrameworksBuildPhase;
			buildActionMask = 2147483647;
			files = (
				C7B50FC4CE39AA4C0C7283AE /* libPods-ChatApp.a in Frameworks */,
				EE5EC6DC24AD986B00E4881F /* IQKeyboardManagerSwift in Frameworks */,
			);
			runOnlyForDeploymentPostprocessing = 0;
		};
/* End PBXFrameworksBuildPhase section */

/* Begin PBXGroup section */
		3DF6B09EDE1059A6585045C5 /* Frameworks */ = {
			isa = PBXGroup;
			children = (
				E2C5F897F8B94DA596909F75 /* libPods-ChatApp.a */,
			);
			name = Frameworks;
			sourceTree = "<group>";
		};
		EEE0FC8124AC5CDD00D0C3F7 = {
			isa = PBXGroup;
			children = (
				EEE0FC8C24AC5CDE00D0C3F7 /* ChatApp */,
				EEE0FC8B24AC5CDE00D0C3F7 /* Products */,
				F20A09BF7B96D5FC489EAEE4 /* Pods */,
				3DF6B09EDE1059A6585045C5 /* Frameworks */,
			);
			sourceTree = "<group>";
		};
		EEE0FC8B24AC5CDE00D0C3F7 /* Products */ = {
			isa = PBXGroup;
			children = (
				EEE0FC8A24AC5CDE00D0C3F7 /* ChatApp.app */,
			);
			name = Products;
			sourceTree = "<group>";
		};
		EEE0FC8C24AC5CDE00D0C3F7 /* ChatApp */ = {
			isa = PBXGroup;
			children = (
				EEE0FCA324AC5D0D00D0C3F7 /* Controller */,
				EEE0FCA224AC5D0400D0C3F7 /* View */,
				EEE0FCA124AC5CF900D0C3F7 /* Model */,
				EEE0FC8D24AC5CDE00D0C3F7 /* AppDelegate.swift */,
				EEE0FC8F24AC5CDE00D0C3F7 /* SceneDelegate.swift */,
				EEE0FC9624AC5CEA00D0C3F7 /* Assets.xcassets */,
				EEE0FC9824AC5CEA00D0C3F7 /* LaunchScreen.storyboard */,
				EEE0FC9B24AC5CEA00D0C3F7 /* Info.plist */,
				EE5EC6DD24AE5FDF00E4881F /* GoogleService-Info.plist */,
				EE5EC6D224AD3F3F00E4881F /* Constants.swift */,
			);
			path = ChatApp;
			sourceTree = "<group>";
		};
		EEE0FCA124AC5CF900D0C3F7 /* Model */ = {
			isa = PBXGroup;
			children = (
				EE5EC6D424AD462B00E4881F /* Message.swift */,
			);
			path = Model;
			sourceTree = "<group>";
		};
		EEE0FCA224AC5D0400D0C3F7 /* View */ = {
			isa = PBXGroup;
			children = (
				EEE0FC9324AC5CDE00D0C3F7 /* Main.storyboard */,
				EE5EC6D624AD4D3400E4881F /* MessageTableViewCell.swift */,
				EE5EC6D724AD4D3400E4881F /* MessageTableViewCell.xib */,
			);
			path = View;
			sourceTree = "<group>";
		};
		EEE0FCA324AC5D0D00D0C3F7 /* Controller */ = {
			isa = PBXGroup;
			children = (
				EEE0FC9124AC5CDE00D0C3F7 /* WelcomeViewController.swift */,
				EEE0FCA424AC5D9600D0C3F7 /* RegisterViewController.swift */,
				EEE0FCA624AC5DB100D0C3F7 /* LoginViewController.swift */,
				EEE0FCA824AC5DC000D0C3F7 /* ChatViewController.swift */,
			);
			path = Controller;
			sourceTree = "<group>";
		};
		F20A09BF7B96D5FC489EAEE4 /* Pods */ = {
			isa = PBXGroup;
			children = (
				AA67B5A22F450B81F6717CB2 /* Pods-ChatApp.debug.xcconfig */,
				81711DF339A2B4F3CFAFD6A1 /* Pods-ChatApp.release.xcconfig */,
			);
			path = Pods;
			sourceTree = "<group>";
		};
/* End PBXGroup section */

/* Begin PBXNativeTarget section */
		EEE0FC8924AC5CDE00D0C3F7 /* ChatApp */ = {
			isa = PBXNativeTarget;
			buildConfigurationList = EEE0FC9E24AC5CEA00D0C3F7 /* Build configuration list for PBXNativeTarget "ChatApp" */;
			buildPhases = (
				617BD701E31E33999069AB94 /* [CP] Check Pods Manifest.lock */,
				EEE0FC8624AC5CDE00D0C3F7 /* Sources */,
				EEE0FC8724AC5CDE00D0C3F7 /* Frameworks */,
				EEE0FC8824AC5CDE00D0C3F7 /* Resources */,
				B752EC1AB1F3E243A963FE79 /* [CP] Copy Pods Resources */,
			);
			buildRules = (
			);
			dependencies = (
			);
			name = ChatApp;
			packageProductDependencies = (
				EE5EC6DB24AD986B00E4881F /* IQKeyboardManagerSwift */,
			);
			productName = ChatApp;
			productReference = EEE0FC8A24AC5CDE00D0C3F7 /* ChatApp.app */;
			productType = "com.apple.product-type.application";
		};
/* End PBXNativeTarget section */

/* Begin PBXProject section */
		EEE0FC8224AC5CDD00D0C3F7 /* Project object */ = {
			isa = PBXProject;
			attributes = {
				LastSwiftUpdateCheck = 1150;
				LastUpgradeCheck = 1150;
				ORGANIZATIONNAME = Saranya;
				TargetAttributes = {
					EEE0FC8924AC5CDE00D0C3F7 = {
						CreatedOnToolsVersion = 11.5;
					};
				};
			};
			buildConfigurationList = EEE0FC8524AC5CDD00D0C3F7 /* Build configuration list for PBXProject "ChatApp" */;
			compatibilityVersion = "Xcode 9.3";
			developmentRegion = en;
			hasScannedForEncodings = 0;
			knownRegions = (
				en,
				Base,
			);
			mainGroup = EEE0FC8124AC5CDD00D0C3F7;
			packageReferences = (
				EE5EC6DA24AD986A00E4881F /* XCRemoteSwiftPackageReference "IQKeyboardManager" */,
			);
			productRefGroup = EEE0FC8B24AC5CDE00D0C3F7 /* Products */;
			projectDirPath = "";
			projectRoot = "";
			targets = (
				EEE0FC8924AC5CDE00D0C3F7 /* ChatApp */,
			);
		};
/* End PBXProject section */

/* Begin PBXResourcesBuildPhase section */
		EEE0FC8824AC5CDE00D0C3F7 /* Resources */ = {
			isa = PBXResourcesBuildPhase;
			buildActionMask = 2147483647;
			files = (
				EE5EC6D924AD4D3400E4881F /* MessageTableViewCell.xib in Resources */,
				EEE0FC9A24AC5CEA00D0C3F7 /* LaunchScreen.storyboard in Resources */,
				EE5EC6DE24AE5FDF00E4881F /* GoogleService-Info.plist in Resources */,
				EEE0FC9724AC5CEA00D0C3F7 /* Assets.xcassets in Resources */,
				EEE0FC9524AC5CDE00D0C3F7 /* Main.storyboard in Resources */,
			);
			runOnlyForDeploymentPostprocessing = 0;
		};
/* End PBXResourcesBuildPhase section */

/* Begin PBXShellScriptBuildPhase section */
		617BD701E31E33999069AB94 /* [CP] Check Pods Manifest.lock */ = {
			isa = PBXShellScriptBuildPhase;
			buildActionMask = 2147483647;
			files = (
			);
			inputFileListPaths = (
			);
			inputPaths = (
				"${PODS_PODFILE_DIR_PATH}/Podfile.lock",
				"${PODS_ROOT}/Manifest.lock",
			);
			name = "[CP] Check Pods Manifest.lock";
			outputFileListPaths = (
			);
			outputPaths = (
				"$(DERIVED_FILE_DIR)/Pods-ChatApp-checkManifestLockResult.txt",
			);
			runOnlyForDeploymentPostprocessing = 0;
			shellPath = /bin/sh;
			shellScript = "diff \"${PODS_PODFILE_DIR_PATH}/Podfile.lock\" \"${PODS_ROOT}/Manifest.lock\" > /dev/null\nif [ $? != 0 ] ; then\n    # print error to STDERR\n    echo \"error: The sandbox is not in sync with the Podfile.lock. Run 'pod install' or update your CocoaPods installation.\" >&2\n    exit 1\nfi\n# This output is used by Xcode 'outputs' to avoid re-running this script phase.\necho \"SUCCESS\" > \"${SCRIPT_OUTPUT_FILE_0}\"\n";
			showEnvVarsInLog = 0;
		};
		B752EC1AB1F3E243A963FE79 /* [CP] Copy Pods Resources */ = {
			isa = PBXShellScriptBuildPhase;
			buildActionMask = 2147483647;
			files = (
			);
			inputFileListPaths = (
				"${PODS_ROOT}/Target Support Files/Pods-ChatApp/Pods-ChatApp-resources-${CONFIGURATION}-input-files.xcfilelist",
			);
			name = "[CP] Copy Pods Resources";
			outputFileListPaths = (
				"${PODS_ROOT}/Target Support Files/Pods-ChatApp/Pods-ChatApp-resources-${CONFIGURATION}-output-files.xcfilelist",
			);
			runOnlyForDeploymentPostprocessing = 0;
			shellPath = /bin/sh;
			shellScript = "\"${PODS_ROOT}/Target Support Files/Pods-ChatApp/Pods-ChatApp-resources.sh\"\n";
			showEnvVarsInLog = 0;
		};
/* End PBXShellScriptBuildPhase section */

/* Begin PBXSourcesBuildPhase section */
		EEE0FC8624AC5CDE00D0C3F7 /* Sources */ = {
			isa = PBXSourcesBuildPhase;
			buildActionMask = 2147483647;
			files = (
				EEE0FC9224AC5CDE00D0C3F7 /* WelcomeViewController.swift in Sources */,
				EEE0FC8E24AC5CDE00D0C3F7 /* AppDelegate.swift in Sources */,
				EEE0FC9024AC5CDE00D0C3F7 /* SceneDelegate.swift in Sources */,
				EEE0FCA724AC5DB100D0C3F7 /* LoginViewController.swift in Sources */,
				EE5EC6D324AD3F3F00E4881F /* Constants.swift in Sources */,
				EE5EC6D524AD462B00E4881F /* Message.swift in Sources */,
				EE5EC6D824AD4D3400E4881F /* MessageTableViewCell.swift in Sources */,
				EEE0FCA924AC5DC000D0C3F7 /* ChatViewController.swift in Sources */,
				EEE0FCA524AC5D9600D0C3F7 /* RegisterViewController.swift in Sources */,
			);
			runOnlyForDeploymentPostprocessing = 0;
		};
/* End PBXSourcesBuildPhase section */

/* Begin PBXVariantGroup section */
		EEE0FC9324AC5CDE00D0C3F7 /* Main.storyboard */ = {
			isa = PBXVariantGroup;
			children = (
				EEE0FC9424AC5CDE00D0C3F7 /* Base */,
			);
			name = Main.storyboard;
			sourceTree = "<group>";
		};
		EEE0FC9824AC5CEA00D0C3F7 /* LaunchScreen.storyboard */ = {
			isa = PBXVariantGroup;
			children = (
				EEE0FC9924AC5CEA00D0C3F7 /* Base */,
			);
			name = LaunchScreen.storyboard;
			sourceTree = "<group>";
		};
/* End PBXVariantGroup section */

/* Begin XCBuildConfiguration section */
		EEE0FC9C24AC5CEA00D0C3F7 /* Debug */ = {
			isa = XCBuildConfiguration;
			buildSettings = {
				ALWAYS_SEARCH_USER_PATHS = NO;
				CLANG_ANALYZER_NONNULL = YES;
				CLANG_ANALYZER_NUMBER_OBJECT_CONVERSION = YES_AGGRESSIVE;
				CLANG_CXX_LANGUAGE_STANDARD = "gnu++14";
				CLANG_CXX_LIBRARY = "libc++";
				CLANG_ENABLE_MODULES = YES;
				CLANG_ENABLE_OBJC_ARC = YES;
				CLANG_ENABLE_OBJC_WEAK = YES;
				CLANG_WARN_BLOCK_CAPTURE_AUTORELEASING = YES;
				CLANG_WARN_BOOL_CONVERSION = YES;
				CLANG_WARN_COMMA = YES;
				CLANG_WARN_CONSTANT_CONVERSION = YES;
				CLANG_WARN_DEPRECATED_OBJC_IMPLEMENTATIONS = YES;
				CLANG_WARN_DIRECT_OBJC_ISA_USAGE = YES_ERROR;
				CLANG_WARN_DOCUMENTATION_COMMENTS = YES;
				CLANG_WARN_EMPTY_BODY = YES;
				CLANG_WARN_ENUM_CONVERSION = YES;
				CLANG_WARN_INFINITE_RECURSION = YES;
				CLANG_WARN_INT_CONVERSION = YES;
				CLANG_WARN_NON_LITERAL_NULL_CONVERSION = YES;
				CLANG_WARN_OBJC_IMPLICIT_RETAIN_SELF = YES;
				CLANG_WARN_OBJC_LITERAL_CONVERSION = YES;
				CLANG_WARN_OBJC_ROOT_CLASS = YES_ERROR;
				CLANG_WARN_RANGE_LOOP_ANALYSIS = YES;
				CLANG_WARN_STRICT_PROTOTYPES = YES;
				CLANG_WARN_SUSPICIOUS_MOVE = YES;
				CLANG_WARN_UNGUARDED_AVAILABILITY = YES_AGGRESSIVE;
				CLANG_WARN_UNREACHABLE_CODE = YES;
				CLANG_WARN__DUPLICATE_METHOD_MATCH = YES;
				COPY_PHASE_STRIP = NO;
				DEBUG_INFORMATION_FORMAT = dwarf;
				ENABLE_STRICT_OBJC_MSGSEND = YES;
				ENABLE_TESTABILITY = YES;
				GCC_C_LANGUAGE_STANDARD = gnu11;
				GCC_DYNAMIC_NO_PIC = NO;
				GCC_NO_COMMON_BLOCKS = YES;
				GCC_OPTIMIZATION_LEVEL = 0;
				GCC_PREPROCESSOR_DEFINITIONS = (
					"DEBUG=1",
					"$(inherited)",
				);
				GCC_WARN_64_TO_32_BIT_CONVERSION = YES;
				GCC_WARN_ABOUT_RETURN_TYPE = YES_ERROR;
				GCC_WARN_UNDECLARED_SELECTOR = YES;
				GCC_WARN_UNINITIALIZED_AUTOS = YES_AGGRESSIVE;
				GCC_WARN_UNUSED_FUNCTION = YES;
				GCC_WARN_UNUSED_VARIABLE = YES;
				IPHONEOS_DEPLOYMENT_TARGET = 13.5;
				MTL_ENABLE_DEBUG_INFO = INCLUDE_SOURCE;
				MTL_FAST_MATH = YES;
				ONLY_ACTIVE_ARCH = YES;
				SDKROOT = iphoneos;
				SWIFT_ACTIVE_COMPILATION_CONDITIONS = DEBUG;
				SWIFT_OPTIMIZATION_LEVEL = "-Onone";
			};
			name = Debug;
		};
		EEE0FC9D24AC5CEA00D0C3F7 /* Release */ = {
			isa = XCBuildConfiguration;
			buildSettings = {
				ALWAYS_SEARCH_USER_PATHS = NO;
				CLANG_ANALYZER_NONNULL = YES;
				CLANG_ANALYZER_NUMBER_OBJECT_CONVERSION = YES_AGGRESSIVE;
				CLANG_CXX_LANGUAGE_STANDARD = "gnu++14";
				CLANG_CXX_LIBRARY = "libc++";
				CLANG_ENABLE_MODULES = YES;
				CLANG_ENABLE_OBJC_ARC = YES;
				CLANG_ENABLE_OBJC_WEAK = YES;
				CLANG_WARN_BLOCK_CAPTURE_AUTORELEASING = YES;
				CLANG_WARN_BOOL_CONVERSION = YES;
				CLANG_WARN_COMMA = YES;
				CLANG_WARN_CONSTANT_CONVERSION = YES;
				CLANG_WARN_DEPRECATED_OBJC_IMPLEMENTATIONS = YES;
				CLANG_WARN_DIRECT_OBJC_ISA_USAGE = YES_ERROR;
				CLANG_WARN_DOCUMENTATION_COMMENTS = YES;
				CLANG_WARN_EMPTY_BODY = YES;
				CLANG_WARN_ENUM_CONVERSION = YES;
				CLANG_WARN_INFINITE_RECURSION = YES;
				CLANG_WARN_INT_CONVERSION = YES;
				CLANG_WARN_NON_LITERAL_NULL_CONVERSION = YES;
				CLANG_WARN_OBJC_IMPLICIT_RETAIN_SELF = YES;
				CLANG_WARN_OBJC_LITERAL_CONVERSION = YES;
				CLANG_WARN_OBJC_ROOT_CLASS = YES_ERROR;
				CLANG_WARN_RANGE_LOOP_ANALYSIS = YES;
				CLANG_WARN_STRICT_PROTOTYPES = YES;
				CLANG_WARN_SUSPICIOUS_MOVE = YES;
				CLANG_WARN_UNGUARDED_AVAILABILITY = YES_AGGRESSIVE;
				CLANG_WARN_UNREACHABLE_CODE = YES;
				CLANG_WARN__DUPLICATE_METHOD_MATCH = YES;
				COPY_PHASE_STRIP = NO;
				DEBUG_INFORMATION_FORMAT = "dwarf-with-dsym";
				ENABLE_NS_ASSERTIONS = NO;
				ENABLE_STRICT_OBJC_MSGSEND = YES;
				GCC_C_LANGUAGE_STANDARD = gnu11;
				GCC_NO_COMMON_BLOCKS = YES;
				GCC_WARN_64_TO_32_BIT_CONVERSION = YES;
				GCC_WARN_ABOUT_RETURN_TYPE = YES_ERROR;
				GCC_WARN_UNDECLARED_SELECTOR = YES;
				GCC_WARN_UNINITIALIZED_AUTOS = YES_AGGRESSIVE;
				GCC_WARN_UNUSED_FUNCTION = YES;
				GCC_WARN_UNUSED_VARIABLE = YES;
				IPHONEOS_DEPLOYMENT_TARGET = 13.5;
				MTL_ENABLE_DEBUG_INFO = NO;
				MTL_FAST_MATH = YES;
				SDKROOT = iphoneos;
				SWIFT_COMPILATION_MODE = wholemodule;
				SWIFT_OPTIMIZATION_LEVEL = "-O";
				VALIDATE_PRODUCT = YES;
			};
			name = Release;
		};
		EEE0FC9F24AC5CEA00D0C3F7 /* Debug */ = {
			isa = XCBuildConfiguration;
			baseConfigurationReference = AA67B5A22F450B81F6717CB2 /* Pods-ChatApp.debug.xcconfig */;
			buildSettings = {
				ASSETCATALOG_COMPILER_APPICON_NAME = AppIcon;
				CODE_SIGN_STYLE = Automatic;
				DEVELOPMENT_TEAM = K26F4ND6Z9;
				INFOPLIST_FILE = ChatApp/Info.plist;
				LD_RUNPATH_SEARCH_PATHS = (
					"$(inherited)",
					"@executable_path/Frameworks",
				);
				PRODUCT_BUNDLE_IDENTIFIER = com.saranya.ChatApp;
				PRODUCT_NAME = "$(TARGET_NAME)";
				SWIFT_VERSION = 5.0;
				TARGETED_DEVICE_FAMILY = "1,2";
			};
			name = Debug;
		};
		EEE0FCA024AC5CEA00D0C3F7 /* Release */ = {
			isa = XCBuildConfiguration;
			baseConfigurationReference = 81711DF339A2B4F3CFAFD6A1 /* Pods-ChatApp.release.xcconfig */;
			buildSettings = {
				ASSETCATALOG_COMPILER_APPICON_NAME = AppIcon;
				CODE_SIGN_STYLE = Automatic;
				DEVELOPMENT_TEAM = K26F4ND6Z9;
				INFOPLIST_FILE = ChatApp/Info.plist;
				LD_RUNPATH_SEARCH_PATHS = (
					"$(inherited)",
					"@executable_path/Frameworks",
				);
				PRODUCT_BUNDLE_IDENTIFIER = com.saranya.ChatApp;
				PRODUCT_NAME = "$(TARGET_NAME)";
				SWIFT_VERSION = 5.0;
				TARGETED_DEVICE_FAMILY = "1,2";
			};
			name = Release;
		};
/* End XCBuildConfiguration section */

/* Begin XCConfigurationList section */
		EEE0FC8524AC5CDD00D0C3F7 /* Build configuration list for PBXProject "ChatApp" */ = {
			isa = XCConfigurationList;
			buildConfigurations = (
				EEE0FC9C24AC5CEA00D0C3F7 /* Debug */,
				EEE0FC9D24AC5CEA00D0C3F7 /* Release */,
			);
			defaultConfigurationIsVisible = 0;
			defaultConfigurationName = Release;
		};
		EEE0FC9E24AC5CEA00D0C3F7 /* Build configuration list for PBXNativeTarget "ChatApp" */ = {
			isa = XCConfigurationList;
			buildConfigurations = (
				EEE0FC9F24AC5CEA00D0C3F7 /* Debug */,
				EEE0FCA024AC5CEA00D0C3F7 /* Release */,
			);
			defaultConfigurationIsVisible = 0;
			defaultConfigurationName = Release;
		};
/* End XCConfigurationList section */

/* Begin XCRemoteSwiftPackageReference section */
		EE5EC6DA24AD986A00E4881F /* XCRemoteSwiftPackageReference "IQKeyboardManager" */ = {
			isa = XCRemoteSwiftPackageReference;
			repositoryURL = "https://github.com/hackiftekhar/IQKeyboardManager";
			requirement = {
				kind = upToNextMajorVersion;
				minimumVersion = 6.5.5;
			};
		};
/* End XCRemoteSwiftPackageReference section */

/* Begin XCSwiftPackageProductDependency section */
		EE5EC6DB24AD986B00E4881F /* IQKeyboardManagerSwift */ = {
			isa = XCSwiftPackageProductDependency;
			package = EE5EC6DA24AD986A00E4881F /* XCRemoteSwiftPackageReference "IQKeyboardManager" */;
			productName = IQKeyboardManagerSwift;
		};
/* End XCSwiftPackageProductDependency section */
	};
	rootObject = EEE0FC8224AC5CDD00D0C3F7 /* Project object */;
}
